// !$*UTF8*$!
{
	archiveVersion = 1;
	classes = {
	};
	objectVersion = 56;
	objects = {

/* Begin PBXBuildFile section */
		BD7C54602C836F8B0098AADD /* WeatherConfig.swift in Sources */ = {isa = PBXBuildFile; fileRef = BD7C545F2C836F8B0098AADD /* WeatherConfig.swift */; };
		BD7C54622C8373540098AADD /* WeatherEnum.swift in Sources */ = {isa = PBXBuildFile; fileRef = BD7C54612C8373540098AADD /* WeatherEnum.swift */; };
		BD7C54642C8376790098AADD /* Color+Palette.swift in Sources */ = {isa = PBXBuildFile; fileRef = BD7C54632C8376790098AADD /* Color+Palette.swift */; };
		BDCB3CCF2C83063D005C8E92 /* WeatherAppApp.swift in Sources */ = {isa = PBXBuildFile; fileRef = BDCB3CCE2C83063D005C8E92 /* WeatherAppApp.swift */; };
		BDCB3CD12C83063D005C8E92 /* ContentView.swift in Sources */ = {isa = PBXBuildFile; fileRef = BDCB3CD02C83063D005C8E92 /* ContentView.swift */; };
		BDCB3CD32C830640005C8E92 /* Assets.xcassets in Resources */ = {isa = PBXBuildFile; fileRef = BDCB3CD22C830640005C8E92 /* Assets.xcassets */; };
		BDCB3CD62C830640005C8E92 /* Preview Assets.xcassets in Resources */ = {isa = PBXBuildFile; fileRef = BDCB3CD52C830640005C8E92 /* Preview Assets.xcassets */; };
		BDCB3CE32C83065C005C8E92 /* WidgetKit.framework in Frameworks */ = {isa = PBXBuildFile; fileRef = BDCB3CE22C83065C005C8E92 /* WidgetKit.framework */; };
		BDCB3CE52C83065C005C8E92 /* SwiftUI.framework in Frameworks */ = {isa = PBXBuildFile; fileRef = BDCB3CE42C83065C005C8E92 /* SwiftUI.framework */; };
		BDCB3CE82C83065C005C8E92 /* WeatherAppWidgetBundle.swift in Sources */ = {isa = PBXBuildFile; fileRef = BDCB3CE72C83065C005C8E92 /* WeatherAppWidgetBundle.swift */; };
		BDCB3CEA2C83065C005C8E92 /* WeatherAppWidget.swift in Sources */ = {isa = PBXBuildFile; fileRef = BDCB3CE92C83065C005C8E92 /* WeatherAppWidget.swift */; };
		BDCB3CEC2C83065E005C8E92 /* Assets.xcassets in Resources */ = {isa = PBXBuildFile; fileRef = BDCB3CEB2C83065E005C8E92 /* Assets.xcassets */; };
		BDCB3CF02C83065E005C8E92 /* WeatherAppWidgetExtension.appex in Embed Foundation Extensions */ = {isa = PBXBuildFile; fileRef = BDCB3CE02C83065C005C8E92 /* WeatherAppWidgetExtension.appex */; settings = {ATTRIBUTES = (RemoveHeadersOnCopy, ); }; };
		BDD96BBF2C872B470098F412 /* LICENSE in Resources */ = {isa = PBXBuildFile; fileRef = BDD96BBE2C872B470098F412 /* LICENSE */; };
		BDD96BC32C8743EB0098F412 /* Weather.swift in Sources */ = {isa = PBXBuildFile; fileRef = BDD96BC22C8743EB0098F412 /* Weather.swift */; };
		BDD96BC72C874DC30098F412 /* Localizable.strings in Resources */ = {isa = PBXBuildFile; fileRef = BDD96BC52C874DC30098F412 /* Localizable.strings */; };
		BDD96BCE2C8753840098F412 /* WeatherWidgetView.swift in Sources */ = {isa = PBXBuildFile; fileRef = BDD96BCD2C8753840098F412 /* WeatherWidgetView.swift */; };
/* End PBXBuildFile section */

/* Begin PBXContainerItemProxy section */
		BDCB3CEE2C83065E005C8E92 /* PBXContainerItemProxy */ = {
			isa = PBXContainerItemProxy;
			containerPortal = BDCB3CC32C83063D005C8E92 /* Project object */;
			proxyType = 1;
			remoteGlobalIDString = BDCB3CDF2C83065C005C8E92;
			remoteInfo = WeatherAppWidgetExtension;
		};
/* End PBXContainerItemProxy section */

/* Begin PBXCopyFilesBuildPhase section */
		BDCB3CF42C83065E005C8E92 /* Embed Foundation Extensions */ = {
			isa = PBXCopyFilesBuildPhase;
			buildActionMask = 2147483647;
			dstPath = "";
			dstSubfolderSpec = 13;
			files = (
				BDCB3CF02C83065E005C8E92 /* WeatherAppWidgetExtension.appex in Embed Foundation Extensions */,
			);
			name = "Embed Foundation Extensions";
			runOnlyForDeploymentPostprocessing = 0;
		};
/* End PBXCopyFilesBuildPhase section */

/* Begin PBXFileReference section */
		BD7C545F2C836F8B0098AADD /* WeatherConfig.swift */ = {isa = PBXFileReference; lastKnownFileType = sourcecode.swift; path = WeatherConfig.swift; sourceTree = "<group>"; };
		BD7C54612C8373540098AADD /* WeatherEnum.swift */ = {isa = PBXFileReference; lastKnownFileType = sourcecode.swift; path = WeatherEnum.swift; sourceTree = "<group>"; };
		BD7C54632C8376790098AADD /* Color+Palette.swift */ = {isa = PBXFileReference; lastKnownFileType = sourcecode.swift; path = "Color+Palette.swift"; sourceTree = "<group>"; };
		BDCB3CCB2C83063D005C8E92 /* WeatherApp.app */ = {isa = PBXFileReference; explicitFileType = wrapper.application; includeInIndex = 0; path = WeatherApp.app; sourceTree = BUILT_PRODUCTS_DIR; };
		BDCB3CCE2C83063D005C8E92 /* WeatherAppApp.swift */ = {isa = PBXFileReference; lastKnownFileType = sourcecode.swift; path = WeatherAppApp.swift; sourceTree = "<group>"; };
		BDCB3CD02C83063D005C8E92 /* ContentView.swift */ = {isa = PBXFileReference; lastKnownFileType = sourcecode.swift; path = ContentView.swift; sourceTree = "<group>"; };
		BDCB3CD22C830640005C8E92 /* Assets.xcassets */ = {isa = PBXFileReference; lastKnownFileType = folder.assetcatalog; path = Assets.xcassets; sourceTree = "<group>"; };
		BDCB3CD52C830640005C8E92 /* Preview Assets.xcassets */ = {isa = PBXFileReference; lastKnownFileType = folder.assetcatalog; path = "Preview Assets.xcassets"; sourceTree = "<group>"; };
		BDCB3CE02C83065C005C8E92 /* WeatherAppWidgetExtension.appex */ = {isa = PBXFileReference; explicitFileType = "wrapper.app-extension"; includeInIndex = 0; path = WeatherAppWidgetExtension.appex; sourceTree = BUILT_PRODUCTS_DIR; };
		BDCB3CE22C83065C005C8E92 /* WidgetKit.framework */ = {isa = PBXFileReference; lastKnownFileType = wrapper.framework; name = WidgetKit.framework; path = System/Library/Frameworks/WidgetKit.framework; sourceTree = SDKROOT; };
		BDCB3CE42C83065C005C8E92 /* SwiftUI.framework */ = {isa = PBXFileReference; lastKnownFileType = wrapper.framework; name = SwiftUI.framework; path = System/Library/Frameworks/SwiftUI.framework; sourceTree = SDKROOT; };
		BDCB3CE72C83065C005C8E92 /* WeatherAppWidgetBundle.swift */ = {isa = PBXFileReference; lastKnownFileType = sourcecode.swift; path = WeatherAppWidgetBundle.swift; sourceTree = "<group>"; };
		BDCB3CE92C83065C005C8E92 /* WeatherAppWidget.swift */ = {isa = PBXFileReference; lastKnownFileType = sourcecode.swift; path = WeatherAppWidget.swift; sourceTree = "<group>"; };
		BDCB3CEB2C83065E005C8E92 /* Assets.xcassets */ = {isa = PBXFileReference; lastKnownFileType = folder.assetcatalog; path = Assets.xcassets; sourceTree = "<group>"; };
		BDCB3CED2C83065E005C8E92 /* Info.plist */ = {isa = PBXFileReference; lastKnownFileType = text.plist.xml; path = Info.plist; sourceTree = "<group>"; };
		BDD96BBE2C872B470098F412 /* LICENSE */ = {isa = PBXFileReference; fileEncoding = 4; lastKnownFileType = text; path = LICENSE; sourceTree = SOURCE_ROOT; };
		BDD96BC22C8743EB0098F412 /* Weather.swift */ = {isa = PBXFileReference; lastKnownFileType = sourcecode.swift; path = Weather.swift; sourceTree = "<group>"; };
		BDD96BC62C874DC30098F412 /* en-AU */ = {isa = PBXFileReference; lastKnownFileType = text.plist.strings; name = "en-AU"; path = "en-AU.lproj/Localizable.strings"; sourceTree = "<group>"; };
		BDD96BC92C874E020098F412 /* ja */ = {isa = PBXFileReference; lastKnownFileType = text.plist.strings; name = ja; path = ja.lproj/Localizable.strings; sourceTree = "<group>"; };
		BDD96BCB2C874F130098F412 /* es-419 */ = {isa = PBXFileReference; lastKnownFileType = text.plist.strings; name = "es-419"; path = "es-419.lproj/Localizable.strings"; sourceTree = "<group>"; };
		BDD96BCD2C8753840098F412 /* WeatherWidgetView.swift */ = {isa = PBXFileReference; lastKnownFileType = sourcecode.swift; path = WeatherWidgetView.swift; sourceTree = "<group>"; };
/* End PBXFileReference section */

/* Begin PBXFrameworksBuildPhase section */
		BDCB3CC82C83063D005C8E92 /* Frameworks */ = {
			isa = PBXFrameworksBuildPhase;
			buildActionMask = 2147483647;
			files = (
			);
			runOnlyForDeploymentPostprocessing = 0;
		};
		BDCB3CDD2C83065C005C8E92 /* Frameworks */ = {
			isa = PBXFrameworksBuildPhase;
			buildActionMask = 2147483647;
			files = (
				BDCB3CE52C83065C005C8E92 /* SwiftUI.framework in Frameworks */,
				BDCB3CE32C83065C005C8E92 /* WidgetKit.framework in Frameworks */,
			);
			runOnlyForDeploymentPostprocessing = 0;
		};
/* End PBXFrameworksBuildPhase section */

/* Begin PBXGroup section */
		BDCB3CC22C83063D005C8E92 = {
			isa = PBXGroup;
			children = (
				BDCB3CCD2C83063D005C8E92 /* WeatherApp */,
				BDCB3CE62C83065C005C8E92 /* WeatherAppWidget */,
				BDCB3CE12C83065C005C8E92 /* Frameworks */,
				BDCB3CCC2C83063D005C8E92 /* Products */,
			);
			sourceTree = "<group>";
		};
		BDCB3CCC2C83063D005C8E92 /* Products */ = {
			isa = PBXGroup;
			children = (
				BDCB3CCB2C83063D005C8E92 /* WeatherApp.app */,
				BDCB3CE02C83065C005C8E92 /* WeatherAppWidgetExtension.appex */,
			);
			name = Products;
			sourceTree = "<group>";
		};
		BDCB3CCD2C83063D005C8E92 /* WeatherApp */ = {
			isa = PBXGroup;
			children = (
				BDD96BBE2C872B470098F412 /* LICENSE */,
				BDCB3CCE2C83063D005C8E92 /* WeatherAppApp.swift */,
				BDCB3CD02C83063D005C8E92 /* ContentView.swift */,
				BDCB3CD22C830640005C8E92 /* Assets.xcassets */,
				BDCB3CD42C830640005C8E92 /* Preview Content */,
			);
			path = WeatherApp;
			sourceTree = "<group>";
		};
		BDCB3CD42C830640005C8E92 /* Preview Content */ = {
			isa = PBXGroup;
			children = (
				BDCB3CD52C830640005C8E92 /* Preview Assets.xcassets */,
			);
			path = "Preview Content";
			sourceTree = "<group>";
		};
		BDCB3CE12C83065C005C8E92 /* Frameworks */ = {
			isa = PBXGroup;
			children = (
				BDCB3CE22C83065C005C8E92 /* WidgetKit.framework */,
				BDCB3CE42C83065C005C8E92 /* SwiftUI.framework */,
			);
			name = Frameworks;
			sourceTree = "<group>";
		};
		BDCB3CE62C83065C005C8E92 /* WeatherAppWidget */ = {
			isa = PBXGroup;
			children = (
				BDD96BCC2C8753730098F412 /* View */,
				BDD96BC82C874DDB0098F412 /* i18n */,
				BDD96BC42C8744070098F412 /* Model */,
				BDD96BC12C872D060098F412 /* Enum */,
				BDD96BC02C872CF60098F412 /* Extension */,
				BDCB3CE72C83065C005C8E92 /* WeatherAppWidgetBundle.swift */,
				BDCB3CE92C83065C005C8E92 /* WeatherAppWidget.swift */,
				BDCB3CEB2C83065E005C8E92 /* Assets.xcassets */,
				BDCB3CED2C83065E005C8E92 /* Info.plist */,
				BD7C545F2C836F8B0098AADD /* WeatherConfig.swift */,
			);
			path = WeatherAppWidget;
			sourceTree = "<group>";
		};
		BDD96BC02C872CF60098F412 /* Extension */ = {
			isa = PBXGroup;
			children = (
				BD7C54632C8376790098AADD /* Color+Palette.swift */,
			);
			path = Extension;
			sourceTree = "<group>";
		};
		BDD96BC12C872D060098F412 /* Enum */ = {
			isa = PBXGroup;
			children = (
				BD7C54612C8373540098AADD /* WeatherEnum.swift */,
			);
			path = Enum;
			sourceTree = "<group>";
		};
		BDD96BC42C8744070098F412 /* Model */ = {
			isa = PBXGroup;
			children = (
				BDD96BC22C8743EB0098F412 /* Weather.swift */,
			);
			path = Model;
			sourceTree = "<group>";
		};
		BDD96BC82C874DDB0098F412 /* i18n */ = {
			isa = PBXGroup;
			children = (
				BDD96BC52C874DC30098F412 /* Localizable.strings */,
			);
			path = i18n;
			sourceTree = "<group>";
		};
		BDD96BCC2C8753730098F412 /* View */ = {
			isa = PBXGroup;
			children = (
				BDD96BCD2C8753840098F412 /* WeatherWidgetView.swift */,
			);
			path = View;
			sourceTree = "<group>";
		};
/* End PBXGroup section */

/* Begin PBXNativeTarget section */
		BDCB3CCA2C83063D005C8E92 /* WeatherApp */ = {
			isa = PBXNativeTarget;
			buildConfigurationList = BDCB3CD92C830640005C8E92 /* Build configuration list for PBXNativeTarget "WeatherApp" */;
			buildPhases = (
				BDCB3CC72C83063D005C8E92 /* Sources */,
				BDCB3CC82C83063D005C8E92 /* Frameworks */,
				BDCB3CC92C83063D005C8E92 /* Resources */,
				BDCB3CF42C83065E005C8E92 /* Embed Foundation Extensions */,
			);
			buildRules = (
			);
			dependencies = (
				BDCB3CEF2C83065E005C8E92 /* PBXTargetDependency */,
			);
			name = WeatherApp;
			productName = WeatherApp;
			productReference = BDCB3CCB2C83063D005C8E92 /* WeatherApp.app */;
			productType = "com.apple.product-type.application";
		};
		BDCB3CDF2C83065C005C8E92 /* WeatherAppWidgetExtension */ = {
			isa = PBXNativeTarget;
			buildConfigurationList = BDCB3CF12C83065E005C8E92 /* Build configuration list for PBXNativeTarget "WeatherAppWidgetExtension" */;
			buildPhases = (
				BDCB3CDC2C83065C005C8E92 /* Sources */,
				BDCB3CDD2C83065C005C8E92 /* Frameworks */,
				BDCB3CDE2C83065C005C8E92 /* Resources */,
			);
			buildRules = (
			);
			dependencies = (
			);
			name = WeatherAppWidgetExtension;
			productName = WeatherAppWidgetExtension;
			productReference = BDCB3CE02C83065C005C8E92 /* WeatherAppWidgetExtension.appex */;
			productType = "com.apple.product-type.app-extension";
		};
/* End PBXNativeTarget section */

/* Begin PBXProject section */
		BDCB3CC32C83063D005C8E92 /* Project object */ = {
			isa = PBXProject;
			attributes = {
				BuildIndependentTargetsInParallel = 1;
				LastSwiftUpdateCheck = 1540;
				LastUpgradeCheck = 1540;
				TargetAttributes = {
					BDCB3CCA2C83063D005C8E92 = {
						CreatedOnToolsVersion = 15.4;
					};
					BDCB3CDF2C83065C005C8E92 = {
						CreatedOnToolsVersion = 15.4;
					};
				};
			};
			buildConfigurationList = BDCB3CC62C83063D005C8E92 /* Build configuration list for PBXProject "WeatherApp" */;
			compatibilityVersion = "Xcode 14.0";
			developmentRegion = "en-AU";
			hasScannedForEncodings = 0;
			knownRegions = (
				en,
				Base,
				"en-AU",
				"es-419",
				ja,
			);
			mainGroup = BDCB3CC22C83063D005C8E92;
			productRefGroup = BDCB3CCC2C83063D005C8E92 /* Products */;
			projectDirPath = "";
			projectRoot = "";
			targets = (
				BDCB3CCA2C83063D005C8E92 /* WeatherApp */,
				BDCB3CDF2C83065C005C8E92 /* WeatherAppWidgetExtension */,
			);
		};
/* End PBXProject section */

/* Begin PBXResourcesBuildPhase section */
		BDCB3CC92C83063D005C8E92 /* Resources */ = {
			isa = PBXResourcesBuildPhase;
			buildActionMask = 2147483647;
			files = (
				BDD96BBF2C872B470098F412 /* LICENSE in Resources */,
				BDCB3CD62C830640005C8E92 /* Preview Assets.xcassets in Resources */,
				BDCB3CD32C830640005C8E92 /* Assets.xcassets in Resources */,
			);
			runOnlyForDeploymentPostprocessing = 0;
		};
		BDCB3CDE2C83065C005C8E92 /* Resources */ = {
			isa = PBXResourcesBuildPhase;
			buildActionMask = 2147483647;
			files = (
				BDCB3CEC2C83065E005C8E92 /* Assets.xcassets in Resources */,
				BDD96BC72C874DC30098F412 /* Localizable.strings in Resources */,
			);
			runOnlyForDeploymentPostprocessing = 0;
		};
/* End PBXResourcesBuildPhase section */

/* Begin PBXSourcesBuildPhase section */
		BDCB3CC72C83063D005C8E92 /* Sources */ = {
			isa = PBXSourcesBuildPhase;
			buildActionMask = 2147483647;
			files = (
				BDCB3CD12C83063D005C8E92 /* ContentView.swift in Sources */,
				BDCB3CCF2C83063D005C8E92 /* WeatherAppApp.swift in Sources */,
			);
			runOnlyForDeploymentPostprocessing = 0;
		};
		BDCB3CDC2C83065C005C8E92 /* Sources */ = {
			isa = PBXSourcesBuildPhase;
			buildActionMask = 2147483647;
			files = (
				BDCB3CEA2C83065C005C8E92 /* WeatherAppWidget.swift in Sources */,
				BD7C54622C8373540098AADD /* WeatherEnum.swift in Sources */,
				BDD96BCE2C8753840098F412 /* WeatherWidgetView.swift in Sources */,
				BDCB3CE82C83065C005C8E92 /* WeatherAppWidgetBundle.swift in Sources */,
				BD7C54642C8376790098AADD /* Color+Palette.swift in Sources */,
				BDD96BC32C8743EB0098F412 /* Weather.swift in Sources */,
				BD7C54602C836F8B0098AADD /* WeatherConfig.swift in Sources */,
			);
			runOnlyForDeploymentPostprocessing = 0;
		};
/* End PBXSourcesBuildPhase section */

/* Begin PBXTargetDependency section */
		BDCB3CEF2C83065E005C8E92 /* PBXTargetDependency */ = {
			isa = PBXTargetDependency;
			target = BDCB3CDF2C83065C005C8E92 /* WeatherAppWidgetExtension */;
			targetProxy = BDCB3CEE2C83065E005C8E92 /* PBXContainerItemProxy */;
		};
/* End PBXTargetDependency section */

/* Begin PBXVariantGroup section */
		BDD96BC52C874DC30098F412 /* Localizable.strings */ = {
			isa = PBXVariantGroup;
			children = (
				BDD96BC62C874DC30098F412 /* en-AU */,
				BDD96BC92C874E020098F412 /* ja */,
				BDD96BCB2C874F130098F412 /* es-419 */,
			);
			name = Localizable.strings;
			sourceTree = "<group>";
		};
/* End PBXVariantGroup section */

/* Begin XCBuildConfiguration section */
		BDCB3CD72C830640005C8E92 /* Debug */ = {
			isa = XCBuildConfiguration;
			buildSettings = {
				ALWAYS_SEARCH_USER_PATHS = NO;
				ASSETCATALOG_COMPILER_GENERATE_SWIFT_ASSET_SYMBOL_EXTENSIONS = YES;
				CLANG_ANALYZER_NONNULL = YES;
				CLANG_ANALYZER_NUMBER_OBJECT_CONVERSION = YES_AGGRESSIVE;
				CLANG_CXX_LANGUAGE_STANDARD = "gnu++20";
				CLANG_ENABLE_MODULES = YES;
				CLANG_ENABLE_OBJC_ARC = YES;
				CLANG_ENABLE_OBJC_WEAK = YES;
				CLANG_WARN_BLOCK_CAPTURE_AUTORELEASING = YES;
				CLANG_WARN_BOOL_CONVERSION = YES;
				CLANG_WARN_COMMA = YES;
				CLANG_WARN_CONSTANT_CONVERSION = YES;
				CLANG_WARN_DEPRECATED_OBJC_IMPLEMENTATIONS = YES;
				CLANG_WARN_DIRECT_OBJC_ISA_USAGE = YES_ERROR;
				CLANG_WARN_DOCUMENTATION_COMMENTS = YES;
				CLANG_WARN_EMPTY_BODY = YES;
				CLANG_WARN_ENUM_CONVERSION = YES;
				CLANG_WARN_INFINITE_RECURSION = YES;
				CLANG_WARN_INT_CONVERSION = YES;
				CLANG_WARN_NON_LITERAL_NULL_CONVERSION = YES;
				CLANG_WARN_OBJC_IMPLICIT_RETAIN_SELF = YES;
				CLANG_WARN_OBJC_LITERAL_CONVERSION = YES;
				CLANG_WARN_OBJC_ROOT_CLASS = YES_ERROR;
				CLANG_WARN_QUOTED_INCLUDE_IN_FRAMEWORK_HEADER = YES;
				CLANG_WARN_RANGE_LOOP_ANALYSIS = YES;
				CLANG_WARN_STRICT_PROTOTYPES = YES;
				CLANG_WARN_SUSPICIOUS_MOVE = YES;
				CLANG_WARN_UNGUARDED_AVAILABILITY = YES_AGGRESSIVE;
				CLANG_WARN_UNREACHABLE_CODE = YES;
				CLANG_WARN__DUPLICATE_METHOD_MATCH = YES;
				COPY_PHASE_STRIP = NO;
				DEBUG_INFORMATION_FORMAT = dwarf;
				ENABLE_STRICT_OBJC_MSGSEND = YES;
				ENABLE_TESTABILITY = YES;
				ENABLE_USER_SCRIPT_SANDBOXING = YES;
				GCC_C_LANGUAGE_STANDARD = gnu17;
				GCC_DYNAMIC_NO_PIC = NO;
				GCC_NO_COMMON_BLOCKS = YES;
				GCC_OPTIMIZATION_LEVEL = 0;
				GCC_PREPROCESSOR_DEFINITIONS = (
					"DEBUG=1",
					"$(inherited)",
				);
				GCC_WARN_64_TO_32_BIT_CONVERSION = YES;
				GCC_WARN_ABOUT_RETURN_TYPE = YES_ERROR;
				GCC_WARN_UNDECLARED_SELECTOR = YES;
				GCC_WARN_UNINITIALIZED_AUTOS = YES_AGGRESSIVE;
				GCC_WARN_UNUSED_FUNCTION = YES;
				GCC_WARN_UNUSED_VARIABLE = YES;
				IPHONEOS_DEPLOYMENT_TARGET = 17.5;
				LOCALIZATION_PREFERS_STRING_CATALOGS = YES;
				MTL_ENABLE_DEBUG_INFO = INCLUDE_SOURCE;
				MTL_FAST_MATH = YES;
				ONLY_ACTIVE_ARCH = YES;
				SDKROOT = iphoneos;
				SWIFT_ACTIVE_COMPILATION_CONDITIONS = "DEBUG $(inherited)";
				SWIFT_OPTIMIZATION_LEVEL = "-Onone";
			};
			name = Debug;
		};
		BDCB3CD82C830640005C8E92 /* Release */ = {
			isa = XCBuildConfiguration;
			buildSettings = {
				ALWAYS_SEARCH_USER_PATHS = NO;
				ASSETCATALOG_COMPILER_GENERATE_SWIFT_ASSET_SYMBOL_EXTENSIONS = YES;
				CLANG_ANALYZER_NONNULL = YES;
				CLANG_ANALYZER_NUMBER_OBJECT_CONVERSION = YES_AGGRESSIVE;
				CLANG_CXX_LANGUAGE_STANDARD = "gnu++20";
				CLANG_ENABLE_MODULES = YES;
				CLANG_ENABLE_OBJC_ARC = YES;
				CLANG_ENABLE_OBJC_WEAK = YES;
				CLANG_WARN_BLOCK_CAPTURE_AUTORELEASING = YES;
				CLANG_WARN_BOOL_CONVERSION = YES;
				CLANG_WARN_COMMA = YES;
				CLANG_WARN_CONSTANT_CONVERSION = YES;
				CLANG_WARN_DEPRECATED_OBJC_IMPLEMENTATIONS = YES;
				CLANG_WARN_DIRECT_OBJC_ISA_USAGE = YES_ERROR;
				CLANG_WARN_DOCUMENTATION_COMMENTS = YES;
				CLANG_WARN_EMPTY_BODY = YES;
				CLANG_WARN_ENUM_CONVERSION = YES;
				CLANG_WARN_INFINITE_RECURSION = YES;
				CLANG_WARN_INT_CONVERSION = YES;
				CLANG_WARN_NON_LITERAL_NULL_CONVERSION = YES;
				CLANG_WARN_OBJC_IMPLICIT_RETAIN_SELF = YES;
				CLANG_WARN_OBJC_LITERAL_CONVERSION = YES;
				CLANG_WARN_OBJC_ROOT_CLASS = YES_ERROR;
				CLANG_WARN_QUOTED_INCLUDE_IN_FRAMEWORK_HEADER = YES;
				CLANG_WARN_RANGE_LOOP_ANALYSIS = YES;
				CLANG_WARN_STRICT_PROTOTYPES = YES;
				CLANG_WARN_SUSPICIOUS_MOVE = YES;
				CLANG_WARN_UNGUARDED_AVAILABILITY = YES_AGGRESSIVE;
				CLANG_WARN_UNREACHABLE_CODE = YES;
				CLANG_WARN__DUPLICATE_METHOD_MATCH = YES;
				COPY_PHASE_STRIP = NO;
				DEBUG_INFORMATION_FORMAT = "dwarf-with-dsym";
				ENABLE_NS_ASSERTIONS = NO;
				ENABLE_STRICT_OBJC_MSGSEND = YES;
				ENABLE_USER_SCRIPT_SANDBOXING = YES;
				GCC_C_LANGUAGE_STANDARD = gnu17;
				GCC_NO_COMMON_BLOCKS = YES;
				GCC_WARN_64_TO_32_BIT_CONVERSION = YES;
				GCC_WARN_ABOUT_RETURN_TYPE = YES_ERROR;
				GCC_WARN_UNDECLARED_SELECTOR = YES;
				GCC_WARN_UNINITIALIZED_AUTOS = YES_AGGRESSIVE;
				GCC_WARN_UNUSED_FUNCTION = YES;
				GCC_WARN_UNUSED_VARIABLE = YES;
				IPHONEOS_DEPLOYMENT_TARGET = 17.5;
				LOCALIZATION_PREFERS_STRING_CATALOGS = YES;
				MTL_ENABLE_DEBUG_INFO = NO;
				MTL_FAST_MATH = YES;
				SDKROOT = iphoneos;
				SWIFT_COMPILATION_MODE = wholemodule;
				VALIDATE_PRODUCT = YES;
			};
			name = Release;
		};
		BDCB3CDA2C830640005C8E92 /* Debug */ = {
			isa = XCBuildConfiguration;
			buildSettings = {
				ALWAYS_EMBED_SWIFT_STANDARD_LIBRARIES = YES;
				ASSETCATALOG_COMPILER_APPICON_NAME = AppIcon;
				ASSETCATALOG_COMPILER_GLOBAL_ACCENT_COLOR_NAME = AccentColor;
				CODE_SIGN_STYLE = Automatic;
				CURRENT_PROJECT_VERSION = 1;
				DEVELOPMENT_ASSET_PATHS = "\"WeatherApp/Preview Content\"";
				DEVELOPMENT_TEAM = UZ8Z6MM7C2;
				ENABLE_PREVIEWS = YES;
				GENERATE_INFOPLIST_FILE = YES;
				INFOPLIST_KEY_UIApplicationSceneManifest_Generation = YES;
				INFOPLIST_KEY_UIApplicationSupportsIndirectInputEvents = YES;
				INFOPLIST_KEY_UILaunchScreen_Generation = YES;
				INFOPLIST_KEY_UISupportedInterfaceOrientations_iPad = "UIInterfaceOrientationPortrait UIInterfaceOrientationPortraitUpsideDown UIInterfaceOrientationLandscapeLeft UIInterfaceOrientationLandscapeRight";
				INFOPLIST_KEY_UISupportedInterfaceOrientations_iPhone = "UIInterfaceOrientationPortrait UIInterfaceOrientationLandscapeLeft UIInterfaceOrientationLandscapeRight";
				LD_RUNPATH_SEARCH_PATHS = (
					"$(inherited)",
					"@executable_path/Frameworks",
				);
				MARKETING_VERSION = 1.0;
				PRODUCT_BUNDLE_IDENTIFIER = com.mogro.au.WeatherApp;
				PRODUCT_NAME = "$(TARGET_NAME)";
				SWIFT_EMIT_LOC_STRINGS = YES;
				SWIFT_VERSION = 5.0;
				TARGETED_DEVICE_FAMILY = "1,2";
			};
			name = Debug;
		};
		BDCB3CDB2C830640005C8E92 /* Release */ = {
			isa = XCBuildConfiguration;
			buildSettings = {
				ALWAYS_EMBED_SWIFT_STANDARD_LIBRARIES = YES;
				ASSETCATALOG_COMPILER_APPICON_NAME = AppIcon;
				ASSETCATALOG_COMPILER_GLOBAL_ACCENT_COLOR_NAME = AccentColor;
				CODE_SIGN_STYLE = Automatic;
				CURRENT_PROJECT_VERSION = 1;
				DEVELOPMENT_ASSET_PATHS = "\"WeatherApp/Preview Content\"";
				DEVELOPMENT_TEAM = UZ8Z6MM7C2;
				ENABLE_PREVIEWS = YES;
				GENERATE_INFOPLIST_FILE = YES;
				INFOPLIST_KEY_UIApplicationSceneManifest_Generation = YES;
				INFOPLIST_KEY_UIApplicationSupportsIndirectInputEvents = YES;
				INFOPLIST_KEY_UILaunchScreen_Generation = YES;
				INFOPLIST_KEY_UISupportedInterfaceOrientations_iPad = "UIInterfaceOrientationPortrait UIInterfaceOrientationPortraitUpsideDown UIInterfaceOrientationLandscapeLeft UIInterfaceOrientationLandscapeRight";
				INFOPLIST_KEY_UISupportedInterfaceOrientations_iPhone = "UIInterfaceOrientationPortrait UIInterfaceOrientationLandscapeLeft UIInterfaceOrientationLandscapeRight";
				LD_RUNPATH_SEARCH_PATHS = (
					"$(inherited)",
					"@executable_path/Frameworks",
				);
				MARKETING_VERSION = 1.0;
				PRODUCT_BUNDLE_IDENTIFIER = com.mogro.au.WeatherApp;
				PRODUCT_NAME = "$(TARGET_NAME)";
				SWIFT_EMIT_LOC_STRINGS = YES;
				SWIFT_VERSION = 5.0;
				TARGETED_DEVICE_FAMILY = "1,2";
			};
			name = Release;
		};
		BDCB3CF22C83065E005C8E92 /* Debug */ = {
			isa = XCBuildConfiguration;
			buildSettings = {
				ASSETCATALOG_COMPILER_GLOBAL_ACCENT_COLOR_NAME = AccentColor;
				ASSETCATALOG_COMPILER_WIDGET_BACKGROUND_COLOR_NAME = WidgetBackground;
				CODE_SIGN_STYLE = Automatic;
				CURRENT_PROJECT_VERSION = 1;
				DEVELOPMENT_TEAM = UZ8Z6MM7C2;
				GENERATE_INFOPLIST_FILE = YES;
				INFOPLIST_FILE = WeatherAppWidget/Info.plist;
				INFOPLIST_KEY_CFBundleDisplayName = WeatherAppWidget;
				INFOPLIST_KEY_NSHumanReadableCopyright = "";
				LD_RUNPATH_SEARCH_PATHS = (
					"$(inherited)",
					"@executable_path/Frameworks",
					"@executable_path/../../Frameworks",
				);
				MARKETING_VERSION = 1.0;
				PRODUCT_BUNDLE_IDENTIFIER = com.mogro.au.WeatherApp.WeatherAppWidget;
				PRODUCT_NAME = "$(TARGET_NAME)";
				SKIP_INSTALL = YES;
				SWIFT_EMIT_LOC_STRINGS = YES;
				SWIFT_VERSION = 5.0;
				TARGETED_DEVICE_FAMILY = "1,2";
			};
			name = Debug;
		};
		BDCB3CF32C83065E005C8E92 /* Release */ = {
			isa = XCBuildConfiguration;
			buildSettings = {
				ASSETCATALOG_COMPILER_GLOBAL_ACCENT_COLOR_NAME = AccentColor;
				ASSETCATALOG_COMPILER_WIDGET_BACKGROUND_COLOR_NAME = WidgetBackground;
				CODE_SIGN_STYLE = Automatic;
				CURRENT_PROJECT_VERSION = 1;
				DEVELOPMENT_TEAM = UZ8Z6MM7C2;
				GENERATE_INFOPLIST_FILE = YES;
				INFOPLIST_FILE = WeatherAppWidget/Info.plist;
				INFOPLIST_KEY_CFBundleDisplayName = WeatherAppWidget;
				INFOPLIST_KEY_NSHumanReadableCopyright = "";
				LD_RUNPATH_SEARCH_PATHS = (
					"$(inherited)",
					"@executable_path/Frameworks",
					"@executable_path/../../Frameworks",
				);
				MARKETING_VERSION = 1.0;
				PRODUCT_BUNDLE_IDENTIFIER = com.mogro.au.WeatherApp.WeatherAppWidget;
				PRODUCT_NAME = "$(TARGET_NAME)";
				SKIP_INSTALL = YES;
				SWIFT_EMIT_LOC_STRINGS = YES;
				SWIFT_VERSION = 5.0;
				TARGETED_DEVICE_FAMILY = "1,2";
			};
			name = Release;
		};
/* End XCBuildConfiguration section */

/* Begin XCConfigurationList section */
		BDCB3CC62C83063D005C8E92 /* Build configuration list for PBXProject "WeatherApp" */ = {
			isa = XCConfigurationList;
			buildConfigurations = (
				BDCB3CD72C830640005C8E92 /* Debug */,
				BDCB3CD82C830640005C8E92 /* Release */,
			);
			defaultConfigurationIsVisible = 0;
			defaultConfigurationName = Release;
		};
		BDCB3CD92C830640005C8E92 /* Build configuration list for PBXNativeTarget "WeatherApp" */ = {
			isa = XCConfigurationList;
			buildConfigurations = (
				BDCB3CDA2C830640005C8E92 /* Debug */,
				BDCB3CDB2C830640005C8E92 /* Release */,
			);
			defaultConfigurationIsVisible = 0;
			defaultConfigurationName = Release;
		};
		BDCB3CF12C83065E005C8E92 /* Build configuration list for PBXNativeTarget "WeatherAppWidgetExtension" */ = {
			isa = XCConfigurationList;
			buildConfigurations = (
				BDCB3CF22C83065E005C8E92 /* Debug */,
				BDCB3CF32C83065E005C8E92 /* Release */,
			);
			defaultConfigurationIsVisible = 0;
			defaultConfigurationName = Release;
		};
/* End XCConfigurationList section */
	};
	rootObject = BDCB3CC32C83063D005C8E92 /* Project object */;
}
